{
  "name": "paket-uppgit-1-depend",
  "version": "1.0.0",
  "lockfileVersion": 3,
  "requires": true,
  "packages": {
    "": {
      "name": "paket-uppgit-1-depend",
      "version": "1.0.0",
      "license": "ISC",
      "dependencies": {
        "is-number": "^7.0.0",
        "test-npm-package-liamsvahn": "^1.0.0"
      }
    },
    "node_modules/is-number": {
      "version": "7.0.0",
      "resolved": "https://registry.npmjs.org/is-number/-/is-number-7.0.0.tgz",
      "integrity": "sha512-41Cifkg6e8TylSpdtTpeLVMqvSBEVzTttHvERD741+pnZ8ANv0004MRL43QKPDlK9cGvNp6NZWZUBlbGXYxxng==",
      "engines": {
        "node": ">=0.12.0"
      }
    },
    "node_modules/test-npm-package-liamsvahn": {
      "version": "1.0.0",
      "resolved": "https://registry.npmjs.org/test-npm-package-liamsvahn/-/test-npm-package-liamsvahn-1.0.0.tgz",
      "integrity": "sha512-MbqLNlz0EGd3Y0OB18ngsNn4plPkhixvPIryG4ZXlYz1rm0ruVlmcWH/1uAt1yOw+5jcjmzSpviiTExjOhDx4g=="
    }
  }
}
